
Microsoft Visual Studio Solution File, Format Version 12.00
# Visual Studio Version 16
VisualStudioVersion = 16.0.31112.23
MinimumVisualStudioVersion = 10.0.40219.1
Project("{FAE04EC0-301F-11D3-BF4B-00C04F79EFBC}") = "DS_RevitTools.v1", "DS_RevitTools.v1.csproj", "{B53658F6-B599-4DA4-88D6-CFDB602FE1A3}"
EndProject
Global
	GlobalSection(SolutionConfigurationPlatforms) = preSolution
		Debug|Any CPU = Debug|Any CPU
		Release|Any CPU = Release|Any CPU
	EndGlobalSection
	GlobalSection(ProjectConfigurationPlatforms) = postSolution
		{B53658F6-B599-4DA4-88D6-CFDB602FE1A3}.Debug|Any CPU.ActiveCfg = Debug|Any CPU
		{B53658F6-B599-4DA4-88D6-CFDB602FE1A3}.Debug|Any CPU.Build.0 = Debug|Any CPU
		{B53658F6-B599-4DA4-88D6-CFDB602FE1A3}.Release|Any CPU.ActiveCfg = Release|Any CPU
		{B53658F6-B599-4DA4-88D6-CFDB602FE1A3}.Release|Any CPU.Build.0 = Release|Any CPU
	EndGlobalSection
	GlobalSection(SolutionProperties) = preSolution
		HideSolutionNode = FALSE
	EndGlobalSection
	GlobalSection(ExtensibilityGlobals) = postSolution
		SolutionGuid = {A6E0BC48-1C3F-463A-97D4-E48C56A241A5}
	EndGlobalSection
EndGlobal
